// !$*UTF8*$!
{
	archiveVersion = 1;
	classes = {
	};
	objectVersion = 50;
	objects = {

/* Begin PBXBuildFile section */
		B874BAF72354FE6D00DBE3C0 /* AppDelegate.swift in Sources */ = {isa = PBXBuildFile; fileRef = B874BAF62354FE6D00DBE3C0 /* AppDelegate.swift */; };
		B874BAF92354FE6D00DBE3C0 /* SceneDelegate.swift in Sources */ = {isa = PBXBuildFile; fileRef = B874BAF82354FE6D00DBE3C0 /* SceneDelegate.swift */; };
		B874BAFB2354FE6D00DBE3C0 /* ViewController.swift in Sources */ = {isa = PBXBuildFile; fileRef = B874BAFA2354FE6D00DBE3C0 /* ViewController.swift */; };
		B874BAFE2354FE6D00DBE3C0 /* Main.storyboard in Resources */ = {isa = PBXBuildFile; fileRef = B874BAFC2354FE6D00DBE3C0 /* Main.storyboard */; };
		B874BB002354FE7300DBE3C0 /* Assets.xcassets in Resources */ = {isa = PBXBuildFile; fileRef = B874BAFF2354FE7300DBE3C0 /* Assets.xcassets */; };
		B874BB032354FE7300DBE3C0 /* LaunchScreen.storyboard in Resources */ = {isa = PBXBuildFile; fileRef = B874BB012354FE7300DBE3C0 /* LaunchScreen.storyboard */; };
		B874BB0E2354FE7300DBE3C0 /* TodoBluetoothTests.swift in Sources */ = {isa = PBXBuildFile; fileRef = B874BB0D2354FE7300DBE3C0 /* TodoBluetoothTests.swift */; };
		B874BB192354FE7300DBE3C0 /* TodoBluetoothUITests.swift in Sources */ = {isa = PBXBuildFile; fileRef = B874BB182354FE7300DBE3C0 /* TodoBluetoothUITests.swift */; };
		B874BB282354FFC000DBE3C0 /* TodoItem.swift in Sources */ = {isa = PBXBuildFile; fileRef = B874BB272354FFC000DBE3C0 /* TodoItem.swift */; };
		B874BB2A2355025A00DBE3C0 /* DataManager.swift in Sources */ = {isa = PBXBuildFile; fileRef = B874BB292355025900DBE3C0 /* DataManager.swift */; };
/* End PBXBuildFile section */

/* Begin PBXContainerItemProxy section */
		B874BB0A2354FE7300DBE3C0 /* PBXContainerItemProxy */ = {
			isa = PBXContainerItemProxy;
			containerPortal = B874BAEB2354FE6D00DBE3C0 /* Project object */;
			proxyType = 1;
			remoteGlobalIDString = B874BAF22354FE6D00DBE3C0;
			remoteInfo = TodoBluetooth;
		};
		B874BB152354FE7300DBE3C0 /* PBXContainerItemProxy */ = {
			isa = PBXContainerItemProxy;
			containerPortal = B874BAEB2354FE6D00DBE3C0 /* Project object */;
			proxyType = 1;
			remoteGlobalIDString = B874BAF22354FE6D00DBE3C0;
			remoteInfo = TodoBluetooth;
		};
/* End PBXContainerItemProxy section */

/* Begin PBXFileReference section */
		B874BAF32354FE6D00DBE3C0 /* TodoBluetooth.app */ = {isa = PBXFileReference; explicitFileType = wrapper.application; includeInIndex = 0; path = TodoBluetooth.app; sourceTree = BUILT_PRODUCTS_DIR; };
		B874BAF62354FE6D00DBE3C0 /* AppDelegate.swift */ = {isa = PBXFileReference; lastKnownFileType = sourcecode.swift; path = AppDelegate.swift; sourceTree = "<group>"; };
		B874BAF82354FE6D00DBE3C0 /* SceneDelegate.swift */ = {isa = PBXFileReference; lastKnownFileType = sourcecode.swift; path = SceneDelegate.swift; sourceTree = "<group>"; };
		B874BAFA2354FE6D00DBE3C0 /* ViewController.swift */ = {isa = PBXFileReference; lastKnownFileType = sourcecode.swift; path = ViewController.swift; sourceTree = "<group>"; };
		B874BAFD2354FE6D00DBE3C0 /* Base */ = {isa = PBXFileReference; lastKnownFileType = file.storyboard; name = Base; path = Base.lproj/Main.storyboard; sourceTree = "<group>"; };
		B874BAFF2354FE7300DBE3C0 /* Assets.xcassets */ = {isa = PBXFileReference; lastKnownFileType = folder.assetcatalog; path = Assets.xcassets; sourceTree = "<group>"; };
		B874BB022354FE7300DBE3C0 /* Base */ = {isa = PBXFileReference; lastKnownFileType = file.storyboard; name = Base; path = Base.lproj/LaunchScreen.storyboard; sourceTree = "<group>"; };
		B874BB042354FE7300DBE3C0 /* Info.plist */ = {isa = PBXFileReference; lastKnownFileType = text.plist.xml; path = Info.plist; sourceTree = "<group>"; };
		B874BB092354FE7300DBE3C0 /* TodoBluetoothTests.xctest */ = {isa = PBXFileReference; explicitFileType = wrapper.cfbundle; includeInIndex = 0; path = TodoBluetoothTests.xctest; sourceTree = BUILT_PRODUCTS_DIR; };
		B874BB0D2354FE7300DBE3C0 /* TodoBluetoothTests.swift */ = {isa = PBXFileReference; lastKnownFileType = sourcecode.swift; path = TodoBluetoothTests.swift; sourceTree = "<group>"; };
		B874BB0F2354FE7300DBE3C0 /* Info.plist */ = {isa = PBXFileReference; lastKnownFileType = text.plist.xml; path = Info.plist; sourceTree = "<group>"; };
		B874BB142354FE7300DBE3C0 /* TodoBluetoothUITests.xctest */ = {isa = PBXFileReference; explicitFileType = wrapper.cfbundle; includeInIndex = 0; path = TodoBluetoothUITests.xctest; sourceTree = BUILT_PRODUCTS_DIR; };
		B874BB182354FE7300DBE3C0 /* TodoBluetoothUITests.swift */ = {isa = PBXFileReference; lastKnownFileType = sourcecode.swift; path = TodoBluetoothUITests.swift; sourceTree = "<group>"; };
		B874BB1A2354FE7300DBE3C0 /* Info.plist */ = {isa = PBXFileReference; lastKnownFileType = text.plist.xml; path = Info.plist; sourceTree = "<group>"; };
		B874BB272354FFC000DBE3C0 /* TodoItem.swift */ = {isa = PBXFileReference; lastKnownFileType = sourcecode.swift; path = TodoItem.swift; sourceTree = "<group>"; };
		B874BB292355025900DBE3C0 /* DataManager.swift */ = {isa = PBXFileReference; lastKnownFileType = sourcecode.swift; path = DataManager.swift; sourceTree = "<group>"; };
/* End PBXFileReference section */

/* Begin PBXFrameworksBuildPhase section */
		B874BAF02354FE6D00DBE3C0 /* Frameworks */ = {
			isa = PBXFrameworksBuildPhase;
			buildActionMask = 2147483647;
			files = (
			);
			runOnlyForDeploymentPostprocessing = 0;
		};
		B874BB062354FE7300DBE3C0 /* Frameworks */ = {
			isa = PBXFrameworksBuildPhase;
			buildActionMask = 2147483647;
			files = (
			);
			runOnlyForDeploymentPostprocessing = 0;
		};
		B874BB112354FE7300DBE3C0 /* Frameworks */ = {
			isa = PBXFrameworksBuildPhase;
			buildActionMask = 2147483647;
			files = (
			);
			runOnlyForDeploymentPostprocessing = 0;
		};
/* End PBXFrameworksBuildPhase section */

/* Begin PBXGroup section */
		B874BAEA2354FE6D00DBE3C0 = {
			isa = PBXGroup;
			children = (
				B874BAF52354FE6D00DBE3C0 /* TodoBluetooth */,
				B874BB0C2354FE7300DBE3C0 /* TodoBluetoothTests */,
				B874BB172354FE7300DBE3C0 /* TodoBluetoothUITests */,
				B874BAF42354FE6D00DBE3C0 /* Products */,
			);
			sourceTree = "<group>";
		};
		B874BAF42354FE6D00DBE3C0 /* Products */ = {
			isa = PBXGroup;
			children = (
				B874BAF32354FE6D00DBE3C0 /* TodoBluetooth.app */,
				B874BB092354FE7300DBE3C0 /* TodoBluetoothTests.xctest */,
				B874BB142354FE7300DBE3C0 /* TodoBluetoothUITests.xctest */,
			);
			name = Products;
			sourceTree = "<group>";
		};
		B874BAF52354FE6D00DBE3C0 /* TodoBluetooth */ = {
			isa = PBXGroup;
			children = (
				B874BB262354FF8600DBE3C0 /* Model */,
				B874BAF62354FE6D00DBE3C0 /* AppDelegate.swift */,
				B874BAF82354FE6D00DBE3C0 /* SceneDelegate.swift */,
				B874BAFA2354FE6D00DBE3C0 /* ViewController.swift */,
				B874BAFC2354FE6D00DBE3C0 /* Main.storyboard */,
				B874BAFF2354FE7300DBE3C0 /* Assets.xcassets */,
				B874BB012354FE7300DBE3C0 /* LaunchScreen.storyboard */,
				B874BB042354FE7300DBE3C0 /* Info.plist */,
				B874BB292355025900DBE3C0 /* DataManager.swift */,
			);
			path = TodoBluetooth;
			sourceTree = "<group>";
		};
		B874BB0C2354FE7300DBE3C0 /* TodoBluetoothTests */ = {
			isa = PBXGroup;
			children = (
				B874BB0D2354FE7300DBE3C0 /* TodoBluetoothTests.swift */,
				B874BB0F2354FE7300DBE3C0 /* Info.plist */,
			);
			path = TodoBluetoothTests;
			sourceTree = "<group>";
		};
		B874BB172354FE7300DBE3C0 /* TodoBluetoothUITests */ = {
			isa = PBXGroup;
			children = (
				B874BB182354FE7300DBE3C0 /* TodoBluetoothUITests.swift */,
				B874BB1A2354FE7300DBE3C0 /* Info.plist */,
			);
			path = TodoBluetoothUITests;
			sourceTree = "<group>";
		};
		B874BB262354FF8600DBE3C0 /* Model */ = {
			isa = PBXGroup;
			children = (
				B874BB272354FFC000DBE3C0 /* TodoItem.swift */,
			);
			path = Model;
			sourceTree = "<group>";
		};
/* End PBXGroup section */

/* Begin PBXNativeTarget section */
		B874BAF22354FE6D00DBE3C0 /* TodoBluetooth */ = {
			isa = PBXNativeTarget;
			buildConfigurationList = B874BB1D2354FE7300DBE3C0 /* Build configuration list for PBXNativeTarget "TodoBluetooth" */;
			buildPhases = (
				B874BAEF2354FE6D00DBE3C0 /* Sources */,
				B874BAF02354FE6D00DBE3C0 /* Frameworks */,
				B874BAF12354FE6D00DBE3C0 /* Resources */,
			);
			buildRules = (
			);
			dependencies = (
			);
			name = TodoBluetooth;
			productName = TodoBluetooth;
			productReference = B874BAF32354FE6D00DBE3C0 /* TodoBluetooth.app */;
			productType = "com.apple.product-type.application";
		};
		B874BB082354FE7300DBE3C0 /* TodoBluetoothTests */ = {
			isa = PBXNativeTarget;
			buildConfigurationList = B874BB202354FE7300DBE3C0 /* Build configuration list for PBXNativeTarget "TodoBluetoothTests" */;
			buildPhases = (
				B874BB052354FE7300DBE3C0 /* Sources */,
				B874BB062354FE7300DBE3C0 /* Frameworks */,
				B874BB072354FE7300DBE3C0 /* Resources */,
			);
			buildRules = (
			);
			dependencies = (
				B874BB0B2354FE7300DBE3C0 /* PBXTargetDependency */,
			);
			name = TodoBluetoothTests;
			productName = TodoBluetoothTests;
			productReference = B874BB092354FE7300DBE3C0 /* TodoBluetoothTests.xctest */;
			productType = "com.apple.product-type.bundle.unit-test";
		};
		B874BB132354FE7300DBE3C0 /* TodoBluetoothUITests */ = {
			isa = PBXNativeTarget;
			buildConfigurationList = B874BB232354FE7300DBE3C0 /* Build configuration list for PBXNativeTarget "TodoBluetoothUITests" */;
			buildPhases = (
				B874BB102354FE7300DBE3C0 /* Sources */,
				B874BB112354FE7300DBE3C0 /* Frameworks */,
				B874BB122354FE7300DBE3C0 /* Resources */,
			);
			buildRules = (
			);
			dependencies = (
				B874BB162354FE7300DBE3C0 /* PBXTargetDependency */,
			);
			name = TodoBluetoothUITests;
			productName = TodoBluetoothUITests;
			productReference = B874BB142354FE7300DBE3C0 /* TodoBluetoothUITests.xctest */;
			productType = "com.apple.product-type.bundle.ui-testing";
		};
/* End PBXNativeTarget section */

/* Begin PBXProject section */
		B874BAEB2354FE6D00DBE3C0 /* Project object */ = {
			isa = PBXProject;
			attributes = {
				LastSwiftUpdateCheck = 1110;
				LastUpgradeCheck = 1110;
				ORGANIZATIONNAME = "Grégoire Jacquin";
				TargetAttributes = {
					B874BAF22354FE6D00DBE3C0 = {
						CreatedOnToolsVersion = 11.1;
					};
					B874BB082354FE7300DBE3C0 = {
						CreatedOnToolsVersion = 11.1;
						TestTargetID = B874BAF22354FE6D00DBE3C0;
					};
					B874BB132354FE7300DBE3C0 = {
						CreatedOnToolsVersion = 11.1;
						TestTargetID = B874BAF22354FE6D00DBE3C0;
					};
				};
			};
			buildConfigurationList = B874BAEE2354FE6D00DBE3C0 /* Build configuration list for PBXProject "TodoBluetooth" */;
			compatibilityVersion = "Xcode 9.3";
			developmentRegion = en;
			hasScannedForEncodings = 0;
			knownRegions = (
				en,
				Base,
			);
			mainGroup = B874BAEA2354FE6D00DBE3C0;
			productRefGroup = B874BAF42354FE6D00DBE3C0 /* Products */;
			projectDirPath = "";
			projectRoot = "";
			targets = (
				B874BAF22354FE6D00DBE3C0 /* TodoBluetooth */,
				B874BB082354FE7300DBE3C0 /* TodoBluetoothTests */,
				B874BB132354FE7300DBE3C0 /* TodoBluetoothUITests */,
			);
		};
/* End PBXProject section */

/* Begin PBXResourcesBuildPhase section */
		B874BAF12354FE6D00DBE3C0 /* Resources */ = {
			isa = PBXResourcesBuildPhase;
			buildActionMask = 2147483647;
			files = (
				B874BB032354FE7300DBE3C0 /* LaunchScreen.storyboard in Resources */,
				B874BB002354FE7300DBE3C0 /* Assets.xcassets in Resources */,
				B874BAFE2354FE6D00DBE3C0 /* Main.storyboard in Resources */,
			);
			runOnlyForDeploymentPostprocessing = 0;
		};
		B874BB072354FE7300DBE3C0 /* Resources */ = {
			isa = PBXResourcesBuildPhase;
			buildActionMask = 2147483647;
			files = (
			);
			runOnlyForDeploymentPostprocessing = 0;
		};
		B874BB122354FE7300DBE3C0 /* Resources */ = {
			isa = PBXResourcesBuildPhase;
			buildActionMask = 2147483647;
			files = (
			);
			runOnlyForDeploymentPostprocessing = 0;
		};
/* End PBXResourcesBuildPhase section */

/* Begin PBXSourcesBuildPhase section */
		B874BAEF2354FE6D00DBE3C0 /* Sources */ = {
			isa = PBXSourcesBuildPhase;
			buildActionMask = 2147483647;
			files = (
				B874BAFB2354FE6D00DBE3C0 /* ViewController.swift in Sources */,
				B874BB2A2355025A00DBE3C0 /* DataManager.swift in Sources */,
				B874BAF72354FE6D00DBE3C0 /* AppDelegate.swift in Sources */,
				B874BB282354FFC000DBE3C0 /* TodoItem.swift in Sources */,
				B874BAF92354FE6D00DBE3C0 /* SceneDelegate.swift in Sources */,
			);
			runOnlyForDeploymentPostprocessing = 0;
		};
		B874BB052354FE7300DBE3C0 /* Sources */ = {
			isa = PBXSourcesBuildPhase;
			buildActionMask = 2147483647;
			files = (
				B874BB0E2354FE7300DBE3C0 /* TodoBluetoothTests.swift in Sources */,
			);
			runOnlyForDeploymentPostprocessing = 0;
		};
		B874BB102354FE7300DBE3C0 /* Sources */ = {
			isa = PBXSourcesBuildPhase;
			buildActionMask = 2147483647;
			files = (
				B874BB192354FE7300DBE3C0 /* TodoBluetoothUITests.swift in Sources */,
			);
			runOnlyForDeploymentPostprocessing = 0;
		};
/* End PBXSourcesBuildPhase section */

/* Begin PBXTargetDependency section */
		B874BB0B2354FE7300DBE3C0 /* PBXTargetDependency */ = {
			isa = PBXTargetDependency;
			target = B874BAF22354FE6D00DBE3C0 /* TodoBluetooth */;
			targetProxy = B874BB0A2354FE7300DBE3C0 /* PBXContainerItemProxy */;
		};
		B874BB162354FE7300DBE3C0 /* PBXTargetDependency */ = {
			isa = PBXTargetDependency;
			target = B874BAF22354FE6D00DBE3C0 /* TodoBluetooth */;
			targetProxy = B874BB152354FE7300DBE3C0 /* PBXContainerItemProxy */;
		};
/* End PBXTargetDependency section */

/* Begin PBXVariantGroup section */
		B874BAFC2354FE6D00DBE3C0 /* Main.storyboard */ = {
			isa = PBXVariantGroup;
			children = (
				B874BAFD2354FE6D00DBE3C0 /* Base */,
			);
			name = Main.storyboard;
			sourceTree = "<group>";
		};
		B874BB012354FE7300DBE3C0 /* LaunchScreen.storyboard */ = {
			isa = PBXVariantGroup;
			children = (
				B874BB022354FE7300DBE3C0 /* Base */,
			);
			name = LaunchScreen.storyboard;
			sourceTree = "<group>";
		};
/* End PBXVariantGroup section */

/* Begin XCBuildConfiguration section */
		B874BB1B2354FE7300DBE3C0 /* Debug */ = {
			isa = XCBuildConfiguration;
			buildSettings = {
				ALWAYS_SEARCH_USER_PATHS = NO;
				CLANG_ANALYZER_NONNULL = YES;
				CLANG_ANALYZER_NUMBER_OBJECT_CONVERSION = YES_AGGRESSIVE;
				CLANG_CXX_LANGUAGE_STANDARD = "gnu++14";
				CLANG_CXX_LIBRARY = "libc++";
				CLANG_ENABLE_MODULES = YES;
				CLANG_ENABLE_OBJC_ARC = YES;
				CLANG_ENABLE_OBJC_WEAK = YES;
				CLANG_WARN_BLOCK_CAPTURE_AUTORELEASING = YES;
				CLANG_WARN_BOOL_CONVERSION = YES;
				CLANG_WARN_COMMA = YES;
				CLANG_WARN_CONSTANT_CONVERSION = YES;
				CLANG_WARN_DEPRECATED_OBJC_IMPLEMENTATIONS = YES;
				CLANG_WARN_DIRECT_OBJC_ISA_USAGE = YES_ERROR;
				CLANG_WARN_DOCUMENTATION_COMMENTS = YES;
				CLANG_WARN_EMPTY_BODY = YES;
				CLANG_WARN_ENUM_CONVERSION = YES;
				CLANG_WARN_INFINITE_RECURSION = YES;
				CLANG_WARN_INT_CONVERSION = YES;
				CLANG_WARN_NON_LITERAL_NULL_CONVERSION = YES;
				CLANG_WARN_OBJC_IMPLICIT_RETAIN_SELF = YES;
				CLANG_WARN_OBJC_LITERAL_CONVERSION = YES;
				CLANG_WARN_OBJC_ROOT_CLASS = YES_ERROR;
				CLANG_WARN_RANGE_LOOP_ANALYSIS = YES;
				CLANG_WARN_STRICT_PROTOTYPES = YES;
				CLANG_WARN_SUSPICIOUS_MOVE = YES;
				CLANG_WARN_UNGUARDED_AVAILABILITY = YES_AGGRESSIVE;
				CLANG_WARN_UNREACHABLE_CODE = YES;
				CLANG_WARN__DUPLICATE_METHOD_MATCH = YES;
				COPY_PHASE_STRIP = NO;
				DEBUG_INFORMATION_FORMAT = dwarf;
				ENABLE_STRICT_OBJC_MSGSEND = YES;
				ENABLE_TESTABILITY = YES;
				GCC_C_LANGUAGE_STANDARD = gnu11;
				GCC_DYNAMIC_NO_PIC = NO;
				GCC_NO_COMMON_BLOCKS = YES;
				GCC_OPTIMIZATION_LEVEL = 0;
				GCC_PREPROCESSOR_DEFINITIONS = (
					"DEBUG=1",
					"$(inherited)",
				);
				GCC_WARN_64_TO_32_BIT_CONVERSION = YES;
				GCC_WARN_ABOUT_RETURN_TYPE = YES_ERROR;
				GCC_WARN_UNDECLARED_SELECTOR = YES;
				GCC_WARN_UNINITIALIZED_AUTOS = YES_AGGRESSIVE;
				GCC_WARN_UNUSED_FUNCTION = YES;
				GCC_WARN_UNUSED_VARIABLE = YES;
				IPHONEOS_DEPLOYMENT_TARGET = 13.1;
				MTL_ENABLE_DEBUG_INFO = INCLUDE_SOURCE;
				MTL_FAST_MATH = YES;
				ONLY_ACTIVE_ARCH = YES;
				SDKROOT = iphoneos;
				SWIFT_ACTIVE_COMPILATION_CONDITIONS = DEBUG;
				SWIFT_OPTIMIZATION_LEVEL = "-Onone";
			};
			name = Debug;
		};
		B874BB1C2354FE7300DBE3C0 /* Release */ = {
			isa = XCBuildConfiguration;
			buildSettings = {
				ALWAYS_SEARCH_USER_PATHS = NO;
				CLANG_ANALYZER_NONNULL = YES;
				CLANG_ANALYZER_NUMBER_OBJECT_CONVERSION = YES_AGGRESSIVE;
				CLANG_CXX_LANGUAGE_STANDARD = "gnu++14";
				CLANG_CXX_LIBRARY = "libc++";
				CLANG_ENABLE_MODULES = YES;
				CLANG_ENABLE_OBJC_ARC = YES;
				CLANG_ENABLE_OBJC_WEAK = YES;
				CLANG_WARN_BLOCK_CAPTURE_AUTORELEASING = YES;
				CLANG_WARN_BOOL_CONVERSION = YES;
				CLANG_WARN_COMMA = YES;
				CLANG_WARN_CONSTANT_CONVERSION = YES;
				CLANG_WARN_DEPRECATED_OBJC_IMPLEMENTATIONS = YES;
				CLANG_WARN_DIRECT_OBJC_ISA_USAGE = YES_ERROR;
				CLANG_WARN_DOCUMENTATION_COMMENTS = YES;
				CLANG_WARN_EMPTY_BODY = YES;
				CLANG_WARN_ENUM_CONVERSION = YES;
				CLANG_WARN_INFINITE_RECURSION = YES;
				CLANG_WARN_INT_CONVERSION = YES;
				CLANG_WARN_NON_LITERAL_NULL_CONVERSION = YES;
				CLANG_WARN_OBJC_IMPLICIT_RETAIN_SELF = YES;
				CLANG_WARN_OBJC_LITERAL_CONVERSION = YES;
				CLANG_WARN_OBJC_ROOT_CLASS = YES_ERROR;
				CLANG_WARN_RANGE_LOOP_ANALYSIS = YES;
				CLANG_WARN_STRICT_PROTOTYPES = YES;
				CLANG_WARN_SUSPICIOUS_MOVE = YES;
				CLANG_WARN_UNGUARDED_AVAILABILITY = YES_AGGRESSIVE;
				CLANG_WARN_UNREACHABLE_CODE = YES;
				CLANG_WARN__DUPLICATE_METHOD_MATCH = YES;
				COPY_PHASE_STRIP = NO;
				DEBUG_INFORMATION_FORMAT = "dwarf-with-dsym";
				ENABLE_NS_ASSERTIONS = NO;
				ENABLE_STRICT_OBJC_MSGSEND = YES;
				GCC_C_LANGUAGE_STANDARD = gnu11;
				GCC_NO_COMMON_BLOCKS = YES;
				GCC_WARN_64_TO_32_BIT_CONVERSION = YES;
				GCC_WARN_ABOUT_RETURN_TYPE = YES_ERROR;
				GCC_WARN_UNDECLARED_SELECTOR = YES;
				GCC_WARN_UNINITIALIZED_AUTOS = YES_AGGRESSIVE;
				GCC_WARN_UNUSED_FUNCTION = YES;
				GCC_WARN_UNUSED_VARIABLE = YES;
				IPHONEOS_DEPLOYMENT_TARGET = 13.1;
				MTL_ENABLE_DEBUG_INFO = NO;
				MTL_FAST_MATH = YES;
				SDKROOT = iphoneos;
				SWIFT_COMPILATION_MODE = wholemodule;
				SWIFT_OPTIMIZATION_LEVEL = "-O";
				VALIDATE_PRODUCT = YES;
			};
			name = Release;
		};
		B874BB1E2354FE7300DBE3C0 /* Debug */ = {
			isa = XCBuildConfiguration;
			buildSettings = {
				ASSETCATALOG_COMPILER_APPICON_NAME = AppIcon;
				CODE_SIGN_STYLE = Automatic;
				INFOPLIST_FILE = TodoBluetooth/Info.plist;
				LD_RUNPATH_SEARCH_PATHS = (
					"$(inherited)",
					"@executable_path/Frameworks",
				);
				PRODUCT_BUNDLE_IDENTIFIER = com.idswift.TodoBluetooth;
				PRODUCT_NAME = "$(TARGET_NAME)";
				SWIFT_VERSION = 5.0;
				TARGETED_DEVICE_FAMILY = "1,2";
			};
			name = Debug;
		};
		B874BB1F2354FE7300DBE3C0 /* Release */ = {
			isa = XCBuildConfiguration;
			buildSettings = {
				ASSETCATALOG_COMPILER_APPICON_NAME = AppIcon;
				CODE_SIGN_STYLE = Automatic;
				INFOPLIST_FILE = TodoBluetooth/Info.plist;
				LD_RUNPATH_SEARCH_PATHS = (
					"$(inherited)",
					"@executable_path/Frameworks",
				);
				PRODUCT_BUNDLE_IDENTIFIER = com.idswift.TodoBluetooth;
				PRODUCT_NAME = "$(TARGET_NAME)";
				SWIFT_VERSION = 5.0;
				TARGETED_DEVICE_FAMILY = "1,2";
			};
			name = Release;
		};
		B874BB212354FE7300DBE3C0 /* Debug */ = {
			isa = XCBuildConfiguration;
			buildSettings = {
				ALWAYS_EMBED_SWIFT_STANDARD_LIBRARIES = YES;
				BUNDLE_LOADER = "$(TEST_HOST)";
				CODE_SIGN_STYLE = Automatic;
				INFOPLIST_FILE = TodoBluetoothTests/Info.plist;
				IPHONEOS_DEPLOYMENT_TARGET = 13.1;
				LD_RUNPATH_SEARCH_PATHS = (
					"$(inherited)",
					"@executable_path/Frameworks",
					"@loader_path/Frameworks",
				);
				PRODUCT_BUNDLE_IDENTIFIER = com.idswift.TodoBluetoothTests;
				PRODUCT_NAME = "$(TARGET_NAME)";
				SWIFT_VERSION = 5.0;
				TARGETED_DEVICE_FAMILY = "1,2";
				TEST_HOST = "$(BUILT_PRODUCTS_DIR)/TodoBluetooth.app/TodoBluetooth";
			};
			name = Debug;
		};
		B874BB222354FE7300DBE3C0 /* Release */ = {
			isa = XCBuildConfiguration;
			buildSettings = {
				ALWAYS_EMBED_SWIFT_STANDARD_LIBRARIES = YES;
				BUNDLE_LOADER = "$(TEST_HOST)";
				CODE_SIGN_STYLE = Automatic;
				INFOPLIST_FILE = TodoBluetoothTests/Info.plist;
				IPHONEOS_DEPLOYMENT_TARGET = 13.1;
				LD_RUNPATH_SEARCH_PATHS = (
					"$(inherited)",
					"@executable_path/Frameworks",
					"@loader_path/Frameworks",
				);
				PRODUCT_BUNDLE_IDENTIFIER = com.idswift.TodoBluetoothTests;
				PRODUCT_NAME = "$(TARGET_NAME)";
				SWIFT_VERSION = 5.0;
				TARGETED_DEVICE_FAMILY = "1,2";
				TEST_HOST = "$(BUILT_PRODUCTS_DIR)/TodoBluetooth.app/TodoBluetooth";
			};
			name = Release;
		};
		B874BB242354FE7300DBE3C0 /* Debug */ = {
			isa = XCBuildConfiguration;
			buildSettings = {
				ALWAYS_EMBED_SWIFT_STANDARD_LIBRARIES = YES;
				CODE_SIGN_STYLE = Automatic;
				INFOPLIST_FILE = TodoBluetoothUITests/Info.plist;
				LD_RUNPATH_SEARCH_PATHS = (
					"$(inherited)",
					"@executable_path/Frameworks",
					"@loader_path/Frameworks",
				);
				PRODUCT_BUNDLE_IDENTIFIER = com.idswift.TodoBluetoothUITests;
				PRODUCT_NAME = "$(TARGET_NAME)";
				SWIFT_VERSION = 5.0;
				TARGETED_DEVICE_FAMILY = "1,2";
				TEST_TARGET_NAME = TodoBluetooth;
			};
			name = Debug;
		};
		B874BB252354FE7300DBE3C0 /* Release */ = {
			isa = XCBuildConfiguration;
			buildSettings = {
				ALWAYS_EMBED_SWIFT_STANDARD_LIBRARIES = YES;
				CODE_SIGN_STYLE = Automatic;
				INFOPLIST_FILE = TodoBluetoothUITests/Info.plist;
				LD_RUNPATH_SEARCH_PATHS = (
					"$(inherited)",
					"@executable_path/Frameworks",
					"@loader_path/Frameworks",
				);
				PRODUCT_BUNDLE_IDENTIFIER = com.idswift.TodoBluetoothUITests;
				PRODUCT_NAME = "$(TARGET_NAME)";
				SWIFT_VERSION = 5.0;
				TARGETED_DEVICE_FAMILY = "1,2";
				TEST_TARGET_NAME = TodoBluetooth;
			};
			name = Release;
		};
/* End XCBuildConfiguration section */

/* Begin XCConfigurationList section */
		B874BAEE2354FE6D00DBE3C0 /* Build configuration list for PBXProject "TodoBluetooth" */ = {
			isa = XCConfigurationList;
			buildConfigurations = (
				B874BB1B2354FE7300DBE3C0 /* Debug */,
				B874BB1C2354FE7300DBE3C0 /* Release */,
			);
			defaultConfigurationIsVisible = 0;
			defaultConfigurationName = Release;
		};
		B874BB1D2354FE7300DBE3C0 /* Build configuration list for PBXNativeTarget "TodoBluetooth" */ = {
			isa = XCConfigurationList;
			buildConfigurations = (
				B874BB1E2354FE7300DBE3C0 /* Debug */,
				B874BB1F2354FE7300DBE3C0 /* Release */,
			);
			defaultConfigurationIsVisible = 0;
			defaultConfigurationName = Release;
		};
		B874BB202354FE7300DBE3C0 /* Build configuration list for PBXNativeTarget "TodoBluetoothTests" */ = {
			isa = XCConfigurationList;
			buildConfigurations = (
				B874BB212354FE7300DBE3C0 /* Debug */,
				B874BB222354FE7300DBE3C0 /* Release */,
			);
			defaultConfigurationIsVisible = 0;
			defaultConfigurationName = Release;
		};
		B874BB232354FE7300DBE3C0 /* Build configuration list for PBXNativeTarget "TodoBluetoothUITests" */ = {
			isa = XCConfigurationList;
			buildConfigurations = (
				B874BB242354FE7300DBE3C0 /* Debug */,
				B874BB252354FE7300DBE3C0 /* Release */,
			);
			defaultConfigurationIsVisible = 0;
			defaultConfigurationName = Release;
		};
/* End XCConfigurationList section */
	};
	rootObject = B874BAEB2354FE6D00DBE3C0 /* Project object */;
}
